
Microsoft Visual Studio Solution File, Format Version 12.00
# Visual Studio Version 17
VisualStudioVersion = 17.8.34330.188
MinimumVisualStudioVersion = 10.0.40219.1
Project("{FAE04EC0-301F-11D3-BF4B-00C04F79EFBC}") = "asgmt3", "asgmt3\asgmt3.csproj", "{CBA7A8CD-4237-4805-8C10-9370BF5BF372}"
EndProject
Global
	GlobalSection(SolutionConfigurationPlatforms) = preSolution
		Debug|Any CPU = Debug|Any CPU
		Release|Any CPU = Release|Any CPU
	EndGlobalSection
	GlobalSection(ProjectConfigurationPlatforms) = postSolution
		{CBA7A8CD-4237-4805-8C10-9370BF5BF372}.Debug|Any CPU.ActiveCfg = Debug|Any CPU
		{CBA7A8CD-4237-4805-8C10-9370BF5BF372}.Debug|Any CPU.Build.0 = Debug|Any CPU
		{CBA7A8CD-4237-4805-8C10-9370BF5BF372}.Release|Any CPU.ActiveCfg = Release|Any CPU
		{CBA7A8CD-4237-4805-8C10-9370BF5BF372}.Release|Any CPU.Build.0 = Release|Any CPU
	EndGlobalSection
	GlobalSection(SolutionProperties) = preSolution
		HideSolutionNode = FALSE
	EndGlobalSection
	GlobalSection(ExtensibilityGlobals) = postSolution
		SolutionGuid = {2B238CD3-2956-41E9-A572-F4C81ABE0B7A}
	EndGlobalSection
EndGlobal
